
Microsoft Visual Studio Solution File, Format Version 12.00
# Visual Studio Version 17
VisualStudioVersion = 17.11.35222.181
MinimumVisualStudioVersion = 10.0.40219.1
Project("{8BC9CEB8-8B4A-11D0-8D11-00A0C91BC942}") = "echo_selectserv", "echo_selectserv.vcxproj", "{AA60CE28-3BDF-4868-9317-B7B8A5BE1259}"
EndProject
Global
	GlobalSection(SolutionConfigurationPlatforms) = preSolution
		Debug|x64 = Debug|x64
		Debug|x86 = Debug|x86
		Release|x64 = Release|x64
		Release|x86 = Release|x86
	EndGlobalSection
	GlobalSection(ProjectConfigurationPlatforms) = postSolution
		{AA60CE28-3BDF-4868-9317-B7B8A5BE1259}.Debug|x64.ActiveCfg = Debug|x64
		{AA60CE28-3BDF-4868-9317-B7B8A5BE1259}.Debug|x64.Build.0 = Debug|x64
		{AA60CE28-3BDF-4868-9317-B7B8A5BE1259}.Debug|x86.ActiveCfg = Debug|Win32
		{AA60CE28-3BDF-4868-9317-B7B8A5BE1259}.Debug|x86.Build.0 = Debug|Win32
		{AA60CE28-3BDF-4868-9317-B7B8A5BE1259}.Release|x64.ActiveCfg = Release|x64
		{AA60CE28-3BDF-4868-9317-B7B8A5BE1259}.Release|x64.Build.0 = Release|x64
		{AA60CE28-3BDF-4868-9317-B7B8A5BE1259}.Release|x86.ActiveCfg = Release|Win32
		{AA60CE28-3BDF-4868-9317-B7B8A5BE1259}.Release|x86.Build.0 = Release|Win32
	EndGlobalSection
	GlobalSection(SolutionProperties) = preSolution
		HideSolutionNode = FALSE
	EndGlobalSection
	GlobalSection(ExtensibilityGlobals) = postSolution
		SolutionGuid = {ACF5C15C-999D-4058-8649-BB1A92DB414F}
	EndGlobalSection
EndGlobal
