
Microsoft Visual Studio Solution File, Format Version 12.00
# Visual Studio Version 17
VisualStudioVersion = 17.11.35222.181
MinimumVisualStudioVersion = 10.0.40219.1
Project("{8BC9CEB8-8B4A-11D0-8D11-00A0C91BC942}") = "tcp_client_win.c", "tcp_client_win.c.vcxproj", "{CC117B73-A7B4-4972-B0BE-44C328895051}"
EndProject
Global
	GlobalSection(SolutionConfigurationPlatforms) = preSolution
		Debug|x64 = Debug|x64
		Debug|x86 = Debug|x86
		Release|x64 = Release|x64
		Release|x86 = Release|x86
	EndGlobalSection
	GlobalSection(ProjectConfigurationPlatforms) = postSolution
		{CC117B73-A7B4-4972-B0BE-44C328895051}.Debug|x64.ActiveCfg = Debug|x64
		{CC117B73-A7B4-4972-B0BE-44C328895051}.Debug|x64.Build.0 = Debug|x64
		{CC117B73-A7B4-4972-B0BE-44C328895051}.Debug|x86.ActiveCfg = Debug|Win32
		{CC117B73-A7B4-4972-B0BE-44C328895051}.Debug|x86.Build.0 = Debug|Win32
		{CC117B73-A7B4-4972-B0BE-44C328895051}.Release|x64.ActiveCfg = Release|x64
		{CC117B73-A7B4-4972-B0BE-44C328895051}.Release|x64.Build.0 = Release|x64
		{CC117B73-A7B4-4972-B0BE-44C328895051}.Release|x86.ActiveCfg = Release|Win32
		{CC117B73-A7B4-4972-B0BE-44C328895051}.Release|x86.Build.0 = Release|Win32
	EndGlobalSection
	GlobalSection(SolutionProperties) = preSolution
		HideSolutionNode = FALSE
	EndGlobalSection
	GlobalSection(ExtensibilityGlobals) = postSolution
		SolutionGuid = {CEB07AA8-5317-4A9E-B2ED-E7F00117AB77}
	EndGlobalSection
EndGlobal
