
Microsoft Visual Studio Solution File, Format Version 12.00
# Visual Studio Version 17
VisualStudioVersion = 17.11.35222.181
MinimumVisualStudioVersion = 10.0.40219.1
Project("{8BC9CEB8-8B4A-11D0-8D11-00A0C91BC942}") = "uecho_server_win", "uecho_server_win.vcxproj", "{E9AF7099-3525-4244-9D74-48F98AB6CA40}"
EndProject
Global
	GlobalSection(SolutionConfigurationPlatforms) = preSolution
		Debug|x64 = Debug|x64
		Debug|x86 = Debug|x86
		Release|x64 = Release|x64
		Release|x86 = Release|x86
	EndGlobalSection
	GlobalSection(ProjectConfigurationPlatforms) = postSolution
		{E9AF7099-3525-4244-9D74-48F98AB6CA40}.Debug|x64.ActiveCfg = Debug|x64
		{E9AF7099-3525-4244-9D74-48F98AB6CA40}.Debug|x64.Build.0 = Debug|x64
		{E9AF7099-3525-4244-9D74-48F98AB6CA40}.Debug|x86.ActiveCfg = Debug|Win32
		{E9AF7099-3525-4244-9D74-48F98AB6CA40}.Debug|x86.Build.0 = Debug|Win32
		{E9AF7099-3525-4244-9D74-48F98AB6CA40}.Release|x64.ActiveCfg = Release|x64
		{E9AF7099-3525-4244-9D74-48F98AB6CA40}.Release|x64.Build.0 = Release|x64
		{E9AF7099-3525-4244-9D74-48F98AB6CA40}.Release|x86.ActiveCfg = Release|Win32
		{E9AF7099-3525-4244-9D74-48F98AB6CA40}.Release|x86.Build.0 = Release|Win32
	EndGlobalSection
	GlobalSection(SolutionProperties) = preSolution
		HideSolutionNode = FALSE
	EndGlobalSection
	GlobalSection(ExtensibilityGlobals) = postSolution
		SolutionGuid = {5161A65E-7E0E-4339-B489-56331B6EE5C7}
	EndGlobalSection
EndGlobal
